
Microsoft Visual Studio Solution File, Format Version 12.00
# Visual Studio Version 17
VisualStudioVersion = 17.10.35027.167
MinimumVisualStudioVersion = 10.0.40219.1
Project("{FAE04EC0-301F-11D3-BF4B-00C04F79EFBC}") = "KernelMemoryVIP", "KernelMemoryVIP\KernelMemoryVIP.csproj", "{DF9FA1C3-A9CB-4477-B6B4-791FE4A23450}"
EndProject
Global
	GlobalSection(SolutionConfigurationPlatforms) = preSolution
		Debug|Any CPU = Debug|Any CPU
		Release|Any CPU = Release|Any CPU
	EndGlobalSection
	GlobalSection(ProjectConfigurationPlatforms) = postSolution
		{DF9FA1C3-A9CB-4477-B6B4-791FE4A23450}.Debug|Any CPU.ActiveCfg = Debug|Any CPU
		{DF9FA1C3-A9CB-4477-B6B4-791FE4A23450}.Debug|Any CPU.Build.0 = Debug|Any CPU
		{DF9FA1C3-A9CB-4477-B6B4-791FE4A23450}.Release|Any CPU.ActiveCfg = Release|Any CPU
		{DF9FA1C3-A9CB-4477-B6B4-791FE4A23450}.Release|Any CPU.Build.0 = Release|Any CPU
	EndGlobalSection
	GlobalSection(SolutionProperties) = preSolution
		HideSolutionNode = FALSE
	EndGlobalSection
	GlobalSection(ExtensibilityGlobals) = postSolution
		SolutionGuid = {63817375-47AD-4516-8437-EDA3AB947785}
	EndGlobalSection
EndGlobal
